// !$*UTF8*$!
{
	archiveVersion = 1;
	classes = {
	};
	objectVersion = 46;
	objects = {

/* Begin PBXBuildFile section */
		4F57760B191CE0F800B0A7AF /* Foundation.framework in Frameworks */ = {isa = PBXBuildFile; fileRef = 4F57760A191CE0F800B0A7AF /* Foundation.framework */; };
		4F57760D191CE0F800B0A7AF /* CoreGraphics.framework in Frameworks */ = {isa = PBXBuildFile; fileRef = 4F57760C191CE0F800B0A7AF /* CoreGraphics.framework */; };
		4F57760F191CE0F800B0A7AF /* UIKit.framework in Frameworks */ = {isa = PBXBuildFile; fileRef = 4F57760E191CE0F800B0A7AF /* UIKit.framework */; };
		4F577611191CE0F800B0A7AF /* CoreData.framework in Frameworks */ = {isa = PBXBuildFile; fileRef = 4F577610191CE0F800B0A7AF /* CoreData.framework */; };
		4F577617191CE0F800B0A7AF /* InfoPlist.strings in Resources */ = {isa = PBXBuildFile; fileRef = 4F577615191CE0F800B0A7AF /* InfoPlist.strings */; };
		4F577619191CE0F800B0A7AF /* main.m in Sources */ = {isa = PBXBuildFile; fileRef = 4F577618191CE0F800B0A7AF /* main.m */; };
		4F57761D191CE0F800B0A7AF /* RAAppDelegate.m in Sources */ = {isa = PBXBuildFile; fileRef = 4F57761C191CE0F800B0A7AF /* RAAppDelegate.m */; };
		4F577620191CE0F800B0A7AF /* ReadysasterPH.xcdatamodeld in Sources */ = {isa = PBXBuildFile; fileRef = 4F57761E191CE0F800B0A7AF /* ReadysasterPH.xcdatamodeld */; };
		4F577622191CE0F800B0A7AF /* Images.xcassets in Resources */ = {isa = PBXBuildFile; fileRef = 4F577621191CE0F800B0A7AF /* Images.xcassets */; };
		4F577629191CE0F800B0A7AF /* XCTest.framework in Frameworks */ = {isa = PBXBuildFile; fileRef = 4F577628191CE0F800B0A7AF /* XCTest.framework */; };
		4F57762A191CE0F800B0A7AF /* Foundation.framework in Frameworks */ = {isa = PBXBuildFile; fileRef = 4F57760A191CE0F800B0A7AF /* Foundation.framework */; };
		4F57762B191CE0F800B0A7AF /* UIKit.framework in Frameworks */ = {isa = PBXBuildFile; fileRef = 4F57760E191CE0F800B0A7AF /* UIKit.framework */; };
		4F57762C191CE0F800B0A7AF /* CoreData.framework in Frameworks */ = {isa = PBXBuildFile; fileRef = 4F577610191CE0F800B0A7AF /* CoreData.framework */; };
		4F577634191CE0F800B0A7AF /* InfoPlist.strings in Resources */ = {isa = PBXBuildFile; fileRef = 4F577632191CE0F800B0A7AF /* InfoPlist.strings */; };
		4F577636191CE0F800B0A7AF /* ReadysasterPHTests.m in Sources */ = {isa = PBXBuildFile; fileRef = 4F577635191CE0F800B0A7AF /* ReadysasterPHTests.m */; };
/* End PBXBuildFile section */

/* Begin PBXContainerItemProxy section */
		4F57762D191CE0F800B0A7AF /* PBXContainerItemProxy */ = {
			isa = PBXContainerItemProxy;
			containerPortal = 4F5775FF191CE0F800B0A7AF /* Project object */;
			proxyType = 1;
			remoteGlobalIDString = 4F577606191CE0F800B0A7AF;
			remoteInfo = ReadysasterPH;
		};
/* End PBXContainerItemProxy section */

/* Begin PBXFileReference section */
		4F577607191CE0F800B0A7AF /* ReadysasterPH.app */ = {isa = PBXFileReference; explicitFileType = wrapper.application; includeInIndex = 0; path = ReadysasterPH.app; sourceTree = BUILT_PRODUCTS_DIR; };
		4F57760A191CE0F800B0A7AF /* Foundation.framework */ = {isa = PBXFileReference; lastKnownFileType = wrapper.framework; name = Foundation.framework; path = System/Library/Frameworks/Foundation.framework; sourceTree = SDKROOT; };
		4F57760C191CE0F800B0A7AF /* CoreGraphics.framework */ = {isa = PBXFileReference; lastKnownFileType = wrapper.framework; name = CoreGraphics.framework; path = System/Library/Frameworks/CoreGraphics.framework; sourceTree = SDKROOT; };
		4F57760E191CE0F800B0A7AF /* UIKit.framework */ = {isa = PBXFileReference; lastKnownFileType = wrapper.framework; name = UIKit.framework; path = System/Library/Frameworks/UIKit.framework; sourceTree = SDKROOT; };
		4F577610191CE0F800B0A7AF /* CoreData.framework */ = {isa = PBXFileReference; lastKnownFileType = wrapper.framework; name = CoreData.framework; path = System/Library/Frameworks/CoreData.framework; sourceTree = SDKROOT; };
		4F577614191CE0F800B0A7AF /* ReadysasterPH-Info.plist */ = {isa = PBXFileReference; lastKnownFileType = text.plist.xml; path = "ReadysasterPH-Info.plist"; sourceTree = "<group>"; };
		4F577616191CE0F800B0A7AF /* en */ = {isa = PBXFileReference; lastKnownFileType = text.plist.strings; name = en; path = en.lproj/InfoPlist.strings; sourceTree = "<group>"; };
		4F577618191CE0F800B0A7AF /* main.m */ = {isa = PBXFileReference; lastKnownFileType = sourcecode.c.objc; path = main.m; sourceTree = "<group>"; };
		4F57761A191CE0F800B0A7AF /* ReadysasterPH-Prefix.pch */ = {isa = PBXFileReference; lastKnownFileType = sourcecode.c.h; path = "ReadysasterPH-Prefix.pch"; sourceTree = "<group>"; };
		4F57761B191CE0F800B0A7AF /* RAAppDelegate.h */ = {isa = PBXFileReference; lastKnownFileType = sourcecode.c.h; path = RAAppDelegate.h; sourceTree = "<group>"; };
		4F57761C191CE0F800B0A7AF /* RAAppDelegate.m */ = {isa = PBXFileReference; lastKnownFileType = sourcecode.c.objc; path = RAAppDelegate.m; sourceTree = "<group>"; };
		4F57761F191CE0F800B0A7AF /* ReadysasterPH.xcdatamodel */ = {isa = PBXFileReference; lastKnownFileType = wrapper.xcdatamodel; path = ReadysasterPH.xcdatamodel; sourceTree = "<group>"; };
		4F577621191CE0F800B0A7AF /* Images.xcassets */ = {isa = PBXFileReference; lastKnownFileType = folder.assetcatalog; path = Images.xcassets; sourceTree = "<group>"; };
		4F577627191CE0F800B0A7AF /* ReadysasterPHTests.xctest */ = {isa = PBXFileReference; explicitFileType = wrapper.cfbundle; includeInIndex = 0; path = ReadysasterPHTests.xctest; sourceTree = BUILT_PRODUCTS_DIR; };
		4F577628191CE0F800B0A7AF /* XCTest.framework */ = {isa = PBXFileReference; lastKnownFileType = wrapper.framework; name = XCTest.framework; path = Library/Frameworks/XCTest.framework; sourceTree = DEVELOPER_DIR; };
		4F577631191CE0F800B0A7AF /* ReadysasterPHTests-Info.plist */ = {isa = PBXFileReference; lastKnownFileType = text.plist.xml; path = "ReadysasterPHTests-Info.plist"; sourceTree = "<group>"; };
		4F577633191CE0F800B0A7AF /* en */ = {isa = PBXFileReference; lastKnownFileType = text.plist.strings; name = en; path = en.lproj/InfoPlist.strings; sourceTree = "<group>"; };
		4F577635191CE0F800B0A7AF /* ReadysasterPHTests.m */ = {isa = PBXFileReference; lastKnownFileType = sourcecode.c.objc; path = ReadysasterPHTests.m; sourceTree = "<group>"; };
/* End PBXFileReference section */

/* Begin PBXFrameworksBuildPhase section */
		4F577604191CE0F800B0A7AF /* Frameworks */ = {
			isa = PBXFrameworksBuildPhase;
			buildActionMask = 2147483647;
			files = (
				4F57760D191CE0F800B0A7AF /* CoreGraphics.framework in Frameworks */,
				4F577611191CE0F800B0A7AF /* CoreData.framework in Frameworks */,
				4F57760F191CE0F800B0A7AF /* UIKit.framework in Frameworks */,
				4F57760B191CE0F800B0A7AF /* Foundation.framework in Frameworks */,
			);
			runOnlyForDeploymentPostprocessing = 0;
		};
		4F577624191CE0F800B0A7AF /* Frameworks */ = {
			isa = PBXFrameworksBuildPhase;
			buildActionMask = 2147483647;
			files = (
				4F577629191CE0F800B0A7AF /* XCTest.framework in Frameworks */,
				4F57762C191CE0F800B0A7AF /* CoreData.framework in Frameworks */,
				4F57762B191CE0F800B0A7AF /* UIKit.framework in Frameworks */,
				4F57762A191CE0F800B0A7AF /* Foundation.framework in Frameworks */,
			);
			runOnlyForDeploymentPostprocessing = 0;
		};
/* End PBXFrameworksBuildPhase section */

/* Begin PBXGroup section */
		4F5775FE191CE0F800B0A7AF = {
			isa = PBXGroup;
			children = (
				4F577612191CE0F800B0A7AF /* ReadysasterPH */,
				4F57762F191CE0F800B0A7AF /* ReadysasterPHTests */,
				4F577609191CE0F800B0A7AF /* Frameworks */,
				4F577608191CE0F800B0A7AF /* Products */,
			);
			sourceTree = "<group>";
		};
		4F577608191CE0F800B0A7AF /* Products */ = {
			isa = PBXGroup;
			children = (
				4F577607191CE0F800B0A7AF /* ReadysasterPH.app */,
				4F577627191CE0F800B0A7AF /* ReadysasterPHTests.xctest */,
			);
			name = Products;
			sourceTree = "<group>";
		};
		4F577609191CE0F800B0A7AF /* Frameworks */ = {
			isa = PBXGroup;
			children = (
				4F57760A191CE0F800B0A7AF /* Foundation.framework */,
				4F57760C191CE0F800B0A7AF /* CoreGraphics.framework */,
				4F57760E191CE0F800B0A7AF /* UIKit.framework */,
				4F577610191CE0F800B0A7AF /* CoreData.framework */,
				4F577628191CE0F800B0A7AF /* XCTest.framework */,
			);
			name = Frameworks;
			sourceTree = "<group>";
		};
		4F577612191CE0F800B0A7AF /* ReadysasterPH */ = {
			isa = PBXGroup;
			children = (
				4F57761B191CE0F800B0A7AF /* RAAppDelegate.h */,
				4F57761C191CE0F800B0A7AF /* RAAppDelegate.m */,
				4F577621191CE0F800B0A7AF /* Images.xcassets */,
				4F57761E191CE0F800B0A7AF /* ReadysasterPH.xcdatamodeld */,
				4F577613191CE0F800B0A7AF /* Supporting Files */,
			);
			path = ReadysasterPH;
			sourceTree = "<group>";
		};
		4F577613191CE0F800B0A7AF /* Supporting Files */ = {
			isa = PBXGroup;
			children = (
				4F577614191CE0F800B0A7AF /* ReadysasterPH-Info.plist */,
				4F577615191CE0F800B0A7AF /* InfoPlist.strings */,
				4F577618191CE0F800B0A7AF /* main.m */,
				4F57761A191CE0F800B0A7AF /* ReadysasterPH-Prefix.pch */,
			);
			name = "Supporting Files";
			sourceTree = "<group>";
		};
		4F57762F191CE0F800B0A7AF /* ReadysasterPHTests */ = {
			isa = PBXGroup;
			children = (
				4F577635191CE0F800B0A7AF /* ReadysasterPHTests.m */,
				4F577630191CE0F800B0A7AF /* Supporting Files */,
			);
			path = ReadysasterPHTests;
			sourceTree = "<group>";
		};
		4F577630191CE0F800B0A7AF /* Supporting Files */ = {
			isa = PBXGroup;
			children = (
				4F577631191CE0F800B0A7AF /* ReadysasterPHTests-Info.plist */,
				4F577632191CE0F800B0A7AF /* InfoPlist.strings */,
			);
			name = "Supporting Files";
			sourceTree = "<group>";
		};
/* End PBXGroup section */

/* Begin PBXNativeTarget section */
		4F577606191CE0F800B0A7AF /* ReadysasterPH */ = {
			isa = PBXNativeTarget;
			buildConfigurationList = 4F577639191CE0F800B0A7AF /* Build configuration list for PBXNativeTarget "ReadysasterPH" */;
			buildPhases = (
				4F577603191CE0F800B0A7AF /* Sources */,
				4F577604191CE0F800B0A7AF /* Frameworks */,
				4F577605191CE0F800B0A7AF /* Resources */,
			);
			buildRules = (
			);
			dependencies = (
			);
			name = ReadysasterPH;
			productName = ReadysasterPH;
			productReference = 4F577607191CE0F800B0A7AF /* ReadysasterPH.app */;
			productType = "com.apple.product-type.application";
		};
		4F577626191CE0F800B0A7AF /* ReadysasterPHTests */ = {
			isa = PBXNativeTarget;
			buildConfigurationList = 4F57763C191CE0F800B0A7AF /* Build configuration list for PBXNativeTarget "ReadysasterPHTests" */;
			buildPhases = (
				4F577623191CE0F800B0A7AF /* Sources */,
				4F577624191CE0F800B0A7AF /* Frameworks */,
				4F577625191CE0F800B0A7AF /* Resources */,
			);
			buildRules = (
			);
			dependencies = (
				4F57762E191CE0F800B0A7AF /* PBXTargetDependency */,
			);
			name = ReadysasterPHTests;
			productName = ReadysasterPHTests;
			productReference = 4F577627191CE0F800B0A7AF /* ReadysasterPHTests.xctest */;
			productType = "com.apple.product-type.bundle.unit-test";
		};
/* End PBXNativeTarget section */

/* Begin PBXProject section */
		4F5775FF191CE0F800B0A7AF /* Project object */ = {
			isa = PBXProject;
			attributes = {
				CLASSPREFIX = RA;
				LastUpgradeCheck = 0510;
				ORGANIZATIONNAME = "i-Team";
				TargetAttributes = {
					4F577626191CE0F800B0A7AF = {
						TestTargetID = 4F577606191CE0F800B0A7AF;
					};
				};
			};
			buildConfigurationList = 4F577602191CE0F800B0A7AF /* Build configuration list for PBXProject "ReadysasterPH" */;
			compatibilityVersion = "Xcode 3.2";
			developmentRegion = English;
			hasScannedForEncodings = 0;
			knownRegions = (
				en,
			);
			mainGroup = 4F5775FE191CE0F800B0A7AF;
			productRefGroup = 4F577608191CE0F800B0A7AF /* Products */;
			projectDirPath = "";
			projectRoot = "";
			targets = (
				4F577606191CE0F800B0A7AF /* ReadysasterPH */,
				4F577626191CE0F800B0A7AF /* ReadysasterPHTests */,
			);
		};
/* End PBXProject section */

/* Begin PBXResourcesBuildPhase section */
		4F577605191CE0F800B0A7AF /* Resources */ = {
			isa = PBXResourcesBuildPhase;
			buildActionMask = 2147483647;
			files = (
				4F577617191CE0F800B0A7AF /* InfoPlist.strings in Resources */,
				4F577622191CE0F800B0A7AF /* Images.xcassets in Resources */,
			);
			runOnlyForDeploymentPostprocessing = 0;
		};
		4F577625191CE0F800B0A7AF /* Resources */ = {
			isa = PBXResourcesBuildPhase;
			buildActionMask = 2147483647;
			files = (
				4F577634191CE0F800B0A7AF /* InfoPlist.strings in Resources */,
			);
			runOnlyForDeploymentPostprocessing = 0;
		};
/* End PBXResourcesBuildPhase section */

/* Begin PBXSourcesBuildPhase section */
		4F577603191CE0F800B0A7AF /* Sources */ = {
			isa = PBXSourcesBuildPhase;
			buildActionMask = 2147483647;
			files = (
				4F577619191CE0F800B0A7AF /* main.m in Sources */,
				4F577620191CE0F800B0A7AF /* ReadysasterPH.xcdatamodeld in Sources */,
				4F57761D191CE0F800B0A7AF /* RAAppDelegate.m in Sources */,
			);
			runOnlyForDeploymentPostprocessing = 0;
		};
		4F577623191CE0F800B0A7AF /* Sources */ = {
			isa = PBXSourcesBuildPhase;
			buildActionMask = 2147483647;
			files = (
				4F577636191CE0F800B0A7AF /* ReadysasterPHTests.m in Sources */,
			);
			runOnlyForDeploymentPostprocessing = 0;
		};
/* End PBXSourcesBuildPhase section */

/* Begin PBXTargetDependency section */
		4F57762E191CE0F800B0A7AF /* PBXTargetDependency */ = {
			isa = PBXTargetDependency;
			target = 4F577606191CE0F800B0A7AF /* ReadysasterPH */;
			targetProxy = 4F57762D191CE0F800B0A7AF /* PBXContainerItemProxy */;
		};
/* End PBXTargetDependency section */

/* Begin PBXVariantGroup section */
		4F577615191CE0F800B0A7AF /* InfoPlist.strings */ = {
			isa = PBXVariantGroup;
			children = (
				4F577616191CE0F800B0A7AF /* en */,
			);
			name = InfoPlist.strings;
			sourceTree = "<group>";
		};
		4F577632191CE0F800B0A7AF /* InfoPlist.strings */ = {
			isa = PBXVariantGroup;
			children = (
				4F577633191CE0F800B0A7AF /* en */,
			);
			name = InfoPlist.strings;
			sourceTree = "<group>";
		};
/* End PBXVariantGroup section */

/* Begin XCBuildConfiguration section */
		4F577637191CE0F800B0A7AF /* Debug */ = {
			isa = XCBuildConfiguration;
			buildSettings = {
				ALWAYS_SEARCH_USER_PATHS = NO;
				CLANG_CXX_LANGUAGE_STANDARD = "gnu++0x";
				CLANG_CXX_LIBRARY = "libc++";
				CLANG_ENABLE_MODULES = YES;
				CLANG_ENABLE_OBJC_ARC = YES;
				CLANG_WARN_BOOL_CONVERSION = YES;
				CLANG_WARN_CONSTANT_CONVERSION = YES;
				CLANG_WARN_DIRECT_OBJC_ISA_USAGE = YES_ERROR;
				CLANG_WARN_EMPTY_BODY = YES;
				CLANG_WARN_ENUM_CONVERSION = YES;
				CLANG_WARN_INT_CONVERSION = YES;
				CLANG_WARN_OBJC_ROOT_CLASS = YES_ERROR;
				CLANG_WARN__DUPLICATE_METHOD_MATCH = YES;
				"CODE_SIGN_IDENTITY[sdk=iphoneos*]" = "iPhone Developer";
				COPY_PHASE_STRIP = NO;
				GCC_C_LANGUAGE_STANDARD = gnu99;
				GCC_DYNAMIC_NO_PIC = NO;
				GCC_OPTIMIZATION_LEVEL = 0;
				GCC_PREPROCESSOR_DEFINITIONS = (
					"DEBUG=1",
					"$(inherited)",
				);
				GCC_SYMBOLS_PRIVATE_EXTERN = NO;
				GCC_WARN_64_TO_32_BIT_CONVERSION = YES;
				GCC_WARN_ABOUT_RETURN_TYPE = YES_ERROR;
				GCC_WARN_UNDECLARED_SELECTOR = YES;
				GCC_WARN_UNINITIALIZED_AUTOS = YES_AGGRESSIVE;
				GCC_WARN_UNUSED_FUNCTION = YES;
				GCC_WARN_UNUSED_VARIABLE = YES;
				IPHONEOS_DEPLOYMENT_TARGET = 7.1;
				ONLY_ACTIVE_ARCH = YES;
				SDKROOT = iphoneos;
				TARGETED_DEVICE_FAMILY = "1,2";
			};
			name = Debug;
		};
		4F577638191CE0F800B0A7AF /* Release */ = {
			isa = XCBuildConfiguration;
			buildSettings = {
				ALWAYS_SEARCH_USER_PATHS = NO;
				CLANG_CXX_LANGUAGE_STANDARD = "gnu++0x";
				CLANG_CXX_LIBRARY = "libc++";
				CLANG_ENABLE_MODULES = YES;
				CLANG_ENABLE_OBJC_ARC = YES;
				CLANG_WARN_BOOL_CONVERSION = YES;
				CLANG_WARN_CONSTANT_CONVERSION = YES;
				CLANG_WARN_DIRECT_OBJC_ISA_USAGE = YES_ERROR;
				CLANG_WARN_EMPTY_BODY = YES;
				CLANG_WARN_ENUM_CONVERSION = YES;
				CLANG_WARN_INT_CONVERSION = YES;
				CLANG_WARN_OBJC_ROOT_CLASS = YES_ERROR;
				CLANG_WARN__DUPLICATE_METHOD_MATCH = YES;
				"CODE_SIGN_IDENTITY[sdk=iphoneos*]" = "iPhone Developer";
				COPY_PHASE_STRIP = YES;
				ENABLE_NS_ASSERTIONS = NO;
				GCC_C_LANGUAGE_STANDARD = gnu99;
				GCC_WARN_64_TO_32_BIT_CONVERSION = YES;
				GCC_WARN_ABOUT_RETURN_TYPE = YES_ERROR;
				GCC_WARN_UNDECLARED_SELECTOR = YES;
				GCC_WARN_UNINITIALIZED_AUTOS = YES_AGGRESSIVE;
				GCC_WARN_UNUSED_FUNCTION = YES;
				GCC_WARN_UNUSED_VARIABLE = YES;
				IPHONEOS_DEPLOYMENT_TARGET = 7.1;
				SDKROOT = iphoneos;
				TARGETED_DEVICE_FAMILY = "1,2";
				VALIDATE_PRODUCT = YES;
			};
			name = Release;
		};
		4F57763A191CE0F800B0A7AF /* Debug */ = {
			isa = XCBuildConfiguration;
			buildSettings = {
				ASSETCATALOG_COMPILER_APPICON_NAME = AppIcon;
				ASSETCATALOG_COMPILER_LAUNCHIMAGE_NAME = LaunchImage;
				GCC_PRECOMPILE_PREFIX_HEADER = YES;
				GCC_PREFIX_HEADER = "ReadysasterPH/ReadysasterPH-Prefix.pch";
				INFOPLIST_FILE = "ReadysasterPH/ReadysasterPH-Info.plist";
				PRODUCT_NAME = "$(TARGET_NAME)";
				WRAPPER_EXTENSION = app;
			};
			name = Debug;
		};
		4F57763B191CE0F800B0A7AF /* Release */ = {
			isa = XCBuildConfiguration;
			buildSettings = {
				ASSETCATALOG_COMPILER_APPICON_NAME = AppIcon;
				ASSETCATALOG_COMPILER_LAUNCHIMAGE_NAME = LaunchImage;
				GCC_PRECOMPILE_PREFIX_HEADER = YES;
				GCC_PREFIX_HEADER = "ReadysasterPH/ReadysasterPH-Prefix.pch";
				INFOPLIST_FILE = "ReadysasterPH/ReadysasterPH-Info.plist";
				PRODUCT_NAME = "$(TARGET_NAME)";
				WRAPPER_EXTENSION = app;
			};
			name = Release;
		};
		4F57763D191CE0F800B0A7AF /* Debug */ = {
			isa = XCBuildConfiguration;
			buildSettings = {
				BUNDLE_LOADER = "$(BUILT_PRODUCTS_DIR)/ReadysasterPH.app/ReadysasterPH";
				FRAMEWORK_SEARCH_PATHS = (
					"$(SDKROOT)/Developer/Library/Frameworks",
					"$(inherited)",
					"$(DEVELOPER_FRAMEWORKS_DIR)",
				);
				GCC_PRECOMPILE_PREFIX_HEADER = YES;
				GCC_PREFIX_HEADER = "ReadysasterPH/ReadysasterPH-Prefix.pch";
				GCC_PREPROCESSOR_DEFINITIONS = (
					"DEBUG=1",
					"$(inherited)",
				);
				INFOPLIST_FILE = "ReadysasterPHTests/ReadysasterPHTests-Info.plist";
				PRODUCT_NAME = "$(TARGET_NAME)";
				TEST_HOST = "$(BUNDLE_LOADER)";
				WRAPPER_EXTENSION = xctest;
			};
			name = Debug;
		};
		4F57763E191CE0F800B0A7AF /* Release */ = {
			isa = XCBuildConfiguration;
			buildSettings = {
				BUNDLE_LOADER = "$(BUILT_PRODUCTS_DIR)/ReadysasterPH.app/ReadysasterPH";
				FRAMEWORK_SEARCH_PATHS = (
					"$(SDKROOT)/Developer/Library/Frameworks",
					"$(inherited)",
					"$(DEVELOPER_FRAMEWORKS_DIR)",
				);
				GCC_PRECOMPILE_PREFIX_HEADER = YES;
				GCC_PREFIX_HEADER = "ReadysasterPH/ReadysasterPH-Prefix.pch";
				INFOPLIST_FILE = "ReadysasterPHTests/ReadysasterPHTests-Info.plist";
				PRODUCT_NAME = "$(TARGET_NAME)";
				TEST_HOST = "$(BUNDLE_LOADER)";
				WRAPPER_EXTENSION = xctest;
			};
			name = Release;
		};
/* End XCBuildConfiguration section */

/* Begin XCConfigurationList section */
		4F577602191CE0F800B0A7AF /* Build configuration list for PBXProject "ReadysasterPH" */ = {
			isa = XCConfigurationList;
			buildConfigurations = (
				4F577637191CE0F800B0A7AF /* Debug */,
				4F577638191CE0F800B0A7AF /* Release */,
			);
			defaultConfigurationIsVisible = 0;
			defaultConfigurationName = Release;
		};
		4F577639191CE0F800B0A7AF /* Build configuration list for PBXNativeTarget "ReadysasterPH" */ = {
			isa = XCConfigurationList;
			buildConfigurations = (
				4F57763A191CE0F800B0A7AF /* Debug */,
				4F57763B191CE0F800B0A7AF /* Release */,
			);
			defaultConfigurationIsVisible = 0;
		};
		4F57763C191CE0F800B0A7AF /* Build configuration list for PBXNativeTarget "ReadysasterPHTests" */ = {
			isa = XCConfigurationList;
			buildConfigurations = (
				4F57763D191CE0F800B0A7AF /* Debug */,
				4F57763E191CE0F800B0A7AF /* Release */,
			);
			defaultConfigurationIsVisible = 0;
		};
/* End XCConfigurationList section */

/* Begin XCVersionGroup section */
		4F57761E191CE0F800B0A7AF /* ReadysasterPH.xcdatamodeld */ = {
			isa = XCVersionGroup;
			children = (
				4F57761F191CE0F800B0A7AF /* ReadysasterPH.xcdatamodel */,
			);
			currentVersion = 4F57761F191CE0F800B0A7AF /* ReadysasterPH.xcdatamodel */;
			path = ReadysasterPH.xcdatamodeld;
			sourceTree = "<group>";
			versionGroupType = wrapper.xcdatamodel;
		};
/* End XCVersionGroup section */
	};
	rootObject = 4F5775FF191CE0F800B0A7AF /* Project object */;
}
